
Microsoft Visual Studio Solution File, Format Version 12.00
# Visual Studio Version 17
VisualStudioVersion = 17.14.36401.2 d17.14
MinimumVisualStudioVersion = 10.0.40219.1
Project("{FAE04EC0-301F-11D3-BF4B-00C04F79EFBC}") = "form+andmebaas", "form+andmebaas.csproj", "{A8F6579D-C2F5-477C-A0EE-20F216E7B68D}"
EndProject
Global
	GlobalSection(SolutionConfigurationPlatforms) = preSolution
		Debug|Any CPU = Debug|Any CPU
		Release|Any CPU = Release|Any CPU
	EndGlobalSection
	GlobalSection(ProjectConfigurationPlatforms) = postSolution
		{A8F6579D-C2F5-477C-A0EE-20F216E7B68D}.Debug|Any CPU.ActiveCfg = Debug|Any CPU
		{A8F6579D-C2F5-477C-A0EE-20F216E7B68D}.Debug|Any CPU.Build.0 = Debug|Any CPU
		{A8F6579D-C2F5-477C-A0EE-20F216E7B68D}.Release|Any CPU.ActiveCfg = Release|Any CPU
		{A8F6579D-C2F5-477C-A0EE-20F216E7B68D}.Release|Any CPU.Build.0 = Release|Any CPU
	EndGlobalSection
	GlobalSection(SolutionProperties) = preSolution
		HideSolutionNode = FALSE
	EndGlobalSection
	GlobalSection(ExtensibilityGlobals) = postSolution
		SolutionGuid = {3754DAC0-C8E6-4088-B853-A60959B8CCF4}
	EndGlobalSection
EndGlobal
